
Microsoft Visual Studio Solution File, Format Version 12.00
# Visual Studio Version 17
VisualStudioVersion = 17.4.33205.214
MinimumVisualStudioVersion = 10.0.40219.1
Project("{FAE04EC0-301F-11D3-BF4B-00C04F79EFBC}") = "tt", "tt\tt.csproj", "{5A905E41-5032-4C13-B738-3DEFD73818C2}"
EndProject
Global
	GlobalSection(SolutionConfigurationPlatforms) = preSolution
		Debug|Any CPU = Debug|Any CPU
		Release|Any CPU = Release|Any CPU
	EndGlobalSection
	GlobalSection(ProjectConfigurationPlatforms) = postSolution
		{5A905E41-5032-4C13-B738-3DEFD73818C2}.Debug|Any CPU.ActiveCfg = Debug|Any CPU
		{5A905E41-5032-4C13-B738-3DEFD73818C2}.Debug|Any CPU.Build.0 = Debug|Any CPU
		{5A905E41-5032-4C13-B738-3DEFD73818C2}.Release|Any CPU.ActiveCfg = Release|Any CPU
		{5A905E41-5032-4C13-B738-3DEFD73818C2}.Release|Any CPU.Build.0 = Release|Any CPU
	EndGlobalSection
	GlobalSection(SolutionProperties) = preSolution
		HideSolutionNode = FALSE
	EndGlobalSection
	GlobalSection(ExtensibilityGlobals) = postSolution
		SolutionGuid = {D381198B-D79E-4FE9-85F3-065B252A371C}
	EndGlobalSection
EndGlobal
